
Microsoft Visual Studio Solution File, Format Version 12.00
# Visual Studio 15
VisualStudioVersion = 15.0.28307.136
MinimumVisualStudioVersion = 10.0.40219.1
Project("{FAE04EC0-301F-11D3-BF4B-00C04F79EFBC}") = "PurchaseRequisition", "PurchaseRequisition\PurchaseRequisition.csproj", "{C3F7CD4F-82CC-469B-AFEA-5FCC4DC6EDFC}"
EndProject
Project("{FAE04EC0-301F-11D3-BF4B-00C04F79EFBC}") = "PurchaseRequisition.Tests", "PurchaseRequisition.Tests\PurchaseRequisition.Tests.csproj", "{DE6594C4-969D-4CA2-A042-173EC762E4DF}"
EndProject
Global
	GlobalSection(SolutionConfigurationPlatforms) = preSolution
		Debug|Any CPU = Debug|Any CPU
		Release|Any CPU = Release|Any CPU
	EndGlobalSection
	GlobalSection(ProjectConfigurationPlatforms) = postSolution
		{C3F7CD4F-82CC-469B-AFEA-5FCC4DC6EDFC}.Debug|Any CPU.ActiveCfg = Debug|Any CPU
		{C3F7CD4F-82CC-469B-AFEA-5FCC4DC6EDFC}.Debug|Any CPU.Build.0 = Debug|Any CPU
		{C3F7CD4F-82CC-469B-AFEA-5FCC4DC6EDFC}.Release|Any CPU.ActiveCfg = Release|Any CPU
		{C3F7CD4F-82CC-469B-AFEA-5FCC4DC6EDFC}.Release|Any CPU.Build.0 = Release|Any CPU
		{DE6594C4-969D-4CA2-A042-173EC762E4DF}.Debug|Any CPU.ActiveCfg = Debug|Any CPU
		{DE6594C4-969D-4CA2-A042-173EC762E4DF}.Debug|Any CPU.Build.0 = Debug|Any CPU
		{DE6594C4-969D-4CA2-A042-173EC762E4DF}.Release|Any CPU.ActiveCfg = Release|Any CPU
		{DE6594C4-969D-4CA2-A042-173EC762E4DF}.Release|Any CPU.Build.0 = Release|Any CPU
	EndGlobalSection
	GlobalSection(SolutionProperties) = preSolution
		HideSolutionNode = FALSE
	EndGlobalSection
	GlobalSection(ExtensibilityGlobals) = postSolution
		SolutionGuid = {2EF792D8-239C-4351-9AC8-8BE9609E3B50}
	EndGlobalSection
EndGlobal
